
Microsoft Visual Studio Solution File, Format Version 12.00
# Visual Studio Version 17
VisualStudioVersion = 17.10.34928.147
MinimumVisualStudioVersion = 10.0.40219.1
Project("{FAE04EC0-301F-11D3-BF4B-00C04F79EFBC}") = "GymTEC", "GymTEC\GymTEC.csproj", "{8AC7DCD5-A1F8-41FE-B479-E3C0C5A8A691}"
EndProject
Global
	GlobalSection(SolutionConfigurationPlatforms) = preSolution
		Debug|Any CPU = Debug|Any CPU
		Release|Any CPU = Release|Any CPU
	EndGlobalSection
	GlobalSection(ProjectConfigurationPlatforms) = postSolution
		{8AC7DCD5-A1F8-41FE-B479-E3C0C5A8A691}.Debug|Any CPU.ActiveCfg = Debug|Any CPU
		{8AC7DCD5-A1F8-41FE-B479-E3C0C5A8A691}.Debug|Any CPU.Build.0 = Debug|Any CPU
		{8AC7DCD5-A1F8-41FE-B479-E3C0C5A8A691}.Release|Any CPU.ActiveCfg = Release|Any CPU
		{8AC7DCD5-A1F8-41FE-B479-E3C0C5A8A691}.Release|Any CPU.Build.0 = Release|Any CPU
	EndGlobalSection
	GlobalSection(SolutionProperties) = preSolution
		HideSolutionNode = FALSE
	EndGlobalSection
	GlobalSection(ExtensibilityGlobals) = postSolution
		SolutionGuid = {D239742A-CF31-4523-803E-6F5A3A04CE23}
	EndGlobalSection
EndGlobal
